
Microsoft Visual Studio Solution File, Format Version 12.00
# Visual Studio Version 16
VisualStudioVersion = 16.0.30517.126
MinimumVisualStudioVersion = 10.0.40219.1
Project("{00D1A9C2-B5F0-4AF3-8072-F6C62B433612}") = "BDSIGIF", "BDSIGIF\BDSIGIF.sqlproj", "{3A65C9F9-5B92-4C0B-B38E-079231891E8E}"
EndProject
Global
	GlobalSection(SolutionConfigurationPlatforms) = preSolution
		Debug|Any CPU = Debug|Any CPU
		Release|Any CPU = Release|Any CPU
	EndGlobalSection
	GlobalSection(ProjectConfigurationPlatforms) = postSolution
		{3A65C9F9-5B92-4C0B-B38E-079231891E8E}.Debug|Any CPU.ActiveCfg = Debug|Any CPU
		{3A65C9F9-5B92-4C0B-B38E-079231891E8E}.Debug|Any CPU.Build.0 = Debug|Any CPU
		{3A65C9F9-5B92-4C0B-B38E-079231891E8E}.Debug|Any CPU.Deploy.0 = Debug|Any CPU
		{3A65C9F9-5B92-4C0B-B38E-079231891E8E}.Release|Any CPU.ActiveCfg = Release|Any CPU
		{3A65C9F9-5B92-4C0B-B38E-079231891E8E}.Release|Any CPU.Build.0 = Release|Any CPU
		{3A65C9F9-5B92-4C0B-B38E-079231891E8E}.Release|Any CPU.Deploy.0 = Release|Any CPU
	EndGlobalSection
	GlobalSection(SolutionProperties) = preSolution
		HideSolutionNode = FALSE
	EndGlobalSection
	GlobalSection(ExtensibilityGlobals) = postSolution
		SolutionGuid = {C5019313-F7AF-4DFF-9C4B-0DCF0F3F158E}
	EndGlobalSection
EndGlobal
